
Microsoft Visual Studio Solution File, Format Version 12.00
# Visual Studio Version 17
VisualStudioVersion = 17.0.31611.283
MinimumVisualStudioVersion = 10.0.40219.1
Project("{9A19103F-16F7-4668-BE54-9A1E7A4F7556}") = "AppNumeroDaSorte", "AppNumeroDaSorte\AppNumeroDaSorte.csproj", "{6B001994-12F2-4CF8-AA20-4AC961F50C49}"
EndProject
Project("{2150E333-8FDC-42A3-9474-1A3956D46DE8}") = "App 01", "App 01", "{591B90CB-3430-48DA-A995-7AF07BB0C30D}"
EndProject
Project("{2150E333-8FDC-42A3-9474-1A3956D46DE8}") = "App 02", "App 02", "{8513A86D-0670-4E06-A91F-370EBC6A3C58}"
EndProject
Project("{9A19103F-16F7-4668-BE54-9A1E7A4F7556}") = "AppContentPage", "AppContentPage\AppContentPage.csproj", "{B8C3F998-F105-4F3A-9B6D-148232410900}"
EndProject
Project("{FAE04EC0-301F-11D3-BF4B-00C04F79EFBC}") = "AppNavigationPage", "AppNavigationPage\AppNavigationPage.csproj", "{E959F9C1-84B8-472A-80BC-49B90D97BFB1}"
EndProject
Project("{FAE04EC0-301F-11D3-BF4B-00C04F79EFBC}") = "AppFlyoutPage", "AppFlyoutPage\AppFlyoutPage.csproj", "{38B84648-7A3C-482E-B1B0-BF3E2060476E}"
EndProject
Project("{FAE04EC0-301F-11D3-BF4B-00C04F79EFBC}") = "AppTabbedPage", "AppTabbedPage\AppTabbedPage.csproj", "{F195F3E7-C319-46FF-94FB-9F3C9DF82D45}"
EndProject
Project("{2150E333-8FDC-42A3-9474-1A3956D46DE8}") = "App03", "App03", "{BF72F69E-F9BF-4CE5-9496-1A4A67CD3379}"
EndProject
Project("{FAE04EC0-301F-11D3-BF4B-00C04F79EFBC}") = "AppMAUIGallery", "AppMAUIGallery\AppMAUIGallery.csproj", "{8C4CB10B-2CB2-4818-855A-2B17BA2D2825}"
EndProject
Global
	GlobalSection(SolutionConfigurationPlatforms) = preSolution
		Debug|Any CPU = Debug|Any CPU
		Release|Any CPU = Release|Any CPU
	EndGlobalSection
	GlobalSection(ProjectConfigurationPlatforms) = postSolution
		{6B001994-12F2-4CF8-AA20-4AC961F50C49}.Debug|Any CPU.ActiveCfg = Debug|Any CPU
		{6B001994-12F2-4CF8-AA20-4AC961F50C49}.Debug|Any CPU.Build.0 = Debug|Any CPU
		{6B001994-12F2-4CF8-AA20-4AC961F50C49}.Debug|Any CPU.Deploy.0 = Debug|Any CPU
		{6B001994-12F2-4CF8-AA20-4AC961F50C49}.Release|Any CPU.ActiveCfg = Release|Any CPU
		{6B001994-12F2-4CF8-AA20-4AC961F50C49}.Release|Any CPU.Build.0 = Release|Any CPU
		{6B001994-12F2-4CF8-AA20-4AC961F50C49}.Release|Any CPU.Deploy.0 = Release|Any CPU
		{B8C3F998-F105-4F3A-9B6D-148232410900}.Debug|Any CPU.ActiveCfg = Debug|Any CPU
		{B8C3F998-F105-4F3A-9B6D-148232410900}.Debug|Any CPU.Build.0 = Debug|Any CPU
		{B8C3F998-F105-4F3A-9B6D-148232410900}.Debug|Any CPU.Deploy.0 = Debug|Any CPU
		{B8C3F998-F105-4F3A-9B6D-148232410900}.Release|Any CPU.ActiveCfg = Release|Any CPU
		{B8C3F998-F105-4F3A-9B6D-148232410900}.Release|Any CPU.Build.0 = Release|Any CPU
		{B8C3F998-F105-4F3A-9B6D-148232410900}.Release|Any CPU.Deploy.0 = Release|Any CPU
		{E959F9C1-84B8-472A-80BC-49B90D97BFB1}.Debug|Any CPU.ActiveCfg = Debug|Any CPU
		{E959F9C1-84B8-472A-80BC-49B90D97BFB1}.Debug|Any CPU.Build.0 = Debug|Any CPU
		{E959F9C1-84B8-472A-80BC-49B90D97BFB1}.Debug|Any CPU.Deploy.0 = Debug|Any CPU
		{E959F9C1-84B8-472A-80BC-49B90D97BFB1}.Release|Any CPU.ActiveCfg = Release|Any CPU
		{E959F9C1-84B8-472A-80BC-49B90D97BFB1}.Release|Any CPU.Build.0 = Release|Any CPU
		{E959F9C1-84B8-472A-80BC-49B90D97BFB1}.Release|Any CPU.Deploy.0 = Release|Any CPU
		{38B84648-7A3C-482E-B1B0-BF3E2060476E}.Debug|Any CPU.ActiveCfg = Debug|Any CPU
		{38B84648-7A3C-482E-B1B0-BF3E2060476E}.Debug|Any CPU.Build.0 = Debug|Any CPU
		{38B84648-7A3C-482E-B1B0-BF3E2060476E}.Debug|Any CPU.Deploy.0 = Debug|Any CPU
		{38B84648-7A3C-482E-B1B0-BF3E2060476E}.Release|Any CPU.ActiveCfg = Release|Any CPU
		{38B84648-7A3C-482E-B1B0-BF3E2060476E}.Release|Any CPU.Build.0 = Release|Any CPU
		{38B84648-7A3C-482E-B1B0-BF3E2060476E}.Release|Any CPU.Deploy.0 = Release|Any CPU
		{F195F3E7-C319-46FF-94FB-9F3C9DF82D45}.Debug|Any CPU.ActiveCfg = Debug|Any CPU
		{F195F3E7-C319-46FF-94FB-9F3C9DF82D45}.Debug|Any CPU.Build.0 = Debug|Any CPU
		{F195F3E7-C319-46FF-94FB-9F3C9DF82D45}.Debug|Any CPU.Deploy.0 = Debug|Any CPU
		{F195F3E7-C319-46FF-94FB-9F3C9DF82D45}.Release|Any CPU.ActiveCfg = Release|Any CPU
		{F195F3E7-C319-46FF-94FB-9F3C9DF82D45}.Release|Any CPU.Build.0 = Release|Any CPU
		{F195F3E7-C319-46FF-94FB-9F3C9DF82D45}.Release|Any CPU.Deploy.0 = Release|Any CPU
		{8C4CB10B-2CB2-4818-855A-2B17BA2D2825}.Debug|Any CPU.ActiveCfg = Debug|Any CPU
		{8C4CB10B-2CB2-4818-855A-2B17BA2D2825}.Debug|Any CPU.Build.0 = Debug|Any CPU
		{8C4CB10B-2CB2-4818-855A-2B17BA2D2825}.Debug|Any CPU.Deploy.0 = Debug|Any CPU
		{8C4CB10B-2CB2-4818-855A-2B17BA2D2825}.Release|Any CPU.ActiveCfg = Release|Any CPU
		{8C4CB10B-2CB2-4818-855A-2B17BA2D2825}.Release|Any CPU.Build.0 = Release|Any CPU
		{8C4CB10B-2CB2-4818-855A-2B17BA2D2825}.Release|Any CPU.Deploy.0 = Release|Any CPU
	EndGlobalSection
	GlobalSection(SolutionProperties) = preSolution
		HideSolutionNode = FALSE
	EndGlobalSection
	GlobalSection(NestedProjects) = preSolution
		{6B001994-12F2-4CF8-AA20-4AC961F50C49} = {591B90CB-3430-48DA-A995-7AF07BB0C30D}
		{B8C3F998-F105-4F3A-9B6D-148232410900} = {8513A86D-0670-4E06-A91F-370EBC6A3C58}
		{E959F9C1-84B8-472A-80BC-49B90D97BFB1} = {8513A86D-0670-4E06-A91F-370EBC6A3C58}
		{38B84648-7A3C-482E-B1B0-BF3E2060476E} = {8513A86D-0670-4E06-A91F-370EBC6A3C58}
		{F195F3E7-C319-46FF-94FB-9F3C9DF82D45} = {8513A86D-0670-4E06-A91F-370EBC6A3C58}
		{8C4CB10B-2CB2-4818-855A-2B17BA2D2825} = {BF72F69E-F9BF-4CE5-9496-1A4A67CD3379}
	EndGlobalSection
	GlobalSection(ExtensibilityGlobals) = postSolution
		SolutionGuid = {61F7FB11-1E47-470C-91E2-47F8143E1572}
	EndGlobalSection
EndGlobal
